# This file is autogenerated, do not edit; changes may be undone by the next 'dep ensure'.


[[projects]]
  name = "cloud.google.com/go"
  packages = ["compute/metadata"]
  revision = "2d3a6656c17a60b0815b7e06ab0be04eacb6e613"
  version = "v0.16.0"

[[projects]]
  name = "github.com/Azure/azure-sdk-for-go"
  packages = [
    "services/dns/mgmt/2017-09-01/dns",
    "version"
  ]
  revision = "56a0b1d2af3b65d5f1f7a330e02faaf48b473c5a"
  version = "v14.6.0"

[[projects]]
  name = "github.com/Azure/go-autorest"
  packages = [
    "autorest",
    "autorest/adal",
    "autorest/azure",
    "autorest/date",
    "autorest/to"
  ]
  revision = "cd2702d0255126f3d64a7cef703e1341f22bc0ac"
  version = "v10.5.0"

[[projects]]
  name = "github.com/JamesClonk/vultr"
  packages = ["lib"]
  revision = "abaa6c05a3ff93c18a1443d1ee4f7c72849235eb"
  version = "1.13.0"

[[projects]]
  name = "github.com/akamai/AkamaiOPEN-edgegrid-golang"
  packages = [
    "client-v1",
    "configdns-v1",
    "edgegrid",
    "jsonhooks-v1"
  ]
  revision = "a494eba1efa1f38338393727dff63389a6a66534"
  version = "v0.6.0"

[[projects]]
  name = "github.com/aws/aws-sdk-go"
  packages = [
    "aws",
    "aws/awserr",
    "aws/awsutil",
    "aws/client",
    "aws/client/metadata",
    "aws/corehandlers",
    "aws/credentials",
    "aws/credentials/ec2rolecreds",
    "aws/credentials/endpointcreds",
    "aws/credentials/stscreds",
    "aws/defaults",
    "aws/ec2metadata",
    "aws/endpoints",
    "aws/request",
    "aws/session",
    "aws/signer/v4",
    "internal/shareddefaults",
    "private/protocol",
    "private/protocol/json/jsonutil",
    "private/protocol/jsonrpc",
    "private/protocol/query",
    "private/protocol/query/queryutil",
    "private/protocol/rest",
    "private/protocol/restxml",
    "private/protocol/xml/xmlutil",
    "service/lightsail",
    "service/route53",
    "service/sts"
  ]
  revision = "80dcc100bd75b8742a5ffc6cfc2200efbe5a59d3"
  version = "v1.12.20"

[[projects]]
  name = "github.com/davecgh/go-spew"
  packages = ["spew"]
  revision = "346938d642f2ec3594ed81d874461961cd0faa76"
  version = "v1.1.0"

[[projects]]
  branch = "master"
  name = "github.com/decker502/dnspod-go"
  packages = ["."]
  revision = "f33a2c6040fc2550a631de7b3a53bddccdcd73fb"

[[projects]]
  name = "github.com/dgrijalva/jwt-go"
  packages = ["."]
  revision = "dbeaa9332f19a944acb5736b4456cfcc02140e29"
  version = "v3.1.0"

[[projects]]
  name = "github.com/dnsimple/dnsimple-go"
  packages = ["dnsimple"]
  revision = "d1105abc03b313d7b8d9b04364f6bd053b346e59"
  version = "v0.14.0"

[[projects]]
  name = "github.com/edeckers/auroradnsclient"
  packages = [
    ".",
    "records",
    "requests",
    "requests/errors",
    "tokens",
    "zones"
  ]
  revision = "1563e622aaca0a8bb895a448f31d4a430ab97586"
  version = "v1.0.3"

[[projects]]
  name = "github.com/exoscale/egoscale"
  packages = ["."]
  revision = "54a8c2c8761b7a822290d7223f7b63be8ae54ddc"
  version = "v0.9.17"

[[projects]]
  name = "github.com/go-ini/ini"
  packages = ["."]
  revision = "5b3e00af70a9484542169a976dcab8d03e601a17"
  version = "v1.30.0"

[[projects]]
  branch = "master"
  name = "github.com/golang/protobuf"
  packages = ["proto"]
  revision = "1643683e1b54a9e88ad26d98f81400c8c9d9f4f9"

[[projects]]
  branch = "master"
  name = "github.com/google/go-querystring"
  packages = ["query"]
  revision = "53e6ce116135b80d037921a7fdd5138cf32d7a8a"

[[projects]]
  branch = "master"
  name = "github.com/jinzhu/copier"
  packages = ["."]
  revision = "7e38e58719c33e0d44d585c4ab477a30f8cb82dd"

[[projects]]
  name = "github.com/jmespath/go-jmespath"
  packages = ["."]
  revision = "0b12d6b5"

[[projects]]
  branch = "master"
  name = "github.com/juju/ratelimit"
  packages = ["."]
  revision = "59fac5042749a5afb9af70e813da1dd5474f0167"

[[projects]]
  branch = "master"
  name = "github.com/miekg/dns"
  packages = [
    ".",
    "internal/socket"
  ]
  revision = "a5852667e3c36e2e0b0a69ab43869e00e95aacdf"

[[projects]]
  branch = "master"
  name = "github.com/namedotcom/go"
  packages = ["namecom"]
  revision = "08470befbe04613bd4b44cb6978b05d50294c4d4"

[[projects]]
  branch = "master"
  name = "github.com/ovh/go-ovh"
  packages = ["ovh"]
  revision = "4b1fea467323b74c5f462f0947f402b428ca0626"

[[projects]]
  name = "github.com/pkg/errors"
  packages = ["."]
  revision = "645ef00459ed84a119197bfb8d8205042c6df63d"
  version = "v0.8.0"

[[projects]]
  name = "github.com/pmezard/go-difflib"
  packages = ["difflib"]
  revision = "792786c7400a136282c1664665ae0a8db921c6c2"
  version = "v1.0.0"

[[projects]]
  branch = "master"
  name = "github.com/rainycape/memcache"
  packages = ["."]
  revision = "1031fa0ce2f20c1c0e1e1b51951d8ea02c84fa05"

[[projects]]
  name = "github.com/sirupsen/logrus"
  packages = ["."]
  revision = "c155da19408a8799da419ed3eeb0cb5db0ad5dbc"
  version = "v1.0.5"

[[projects]]
  name = "github.com/stretchr/testify"
  packages = [
    "assert",
    "require",
    "suite"
  ]
  revision = "69483b4bd14f5845b5a1e55bca19e954e827f1d0"
  version = "v1.1.4"

[[projects]]
  branch = "master"
  name = "github.com/timewasted/linode"
  packages = [
    ".",
    "dns"
  ]
  revision = "37e84520dcf74488f67654f9c775b9752c232dc1"

[[projects]]
  branch = "master"
  name = "github.com/tuvistavie/securerandom"
  packages = ["."]
  revision = "15512123a948d62f6361bd84818e11f2ad84059a"

[[projects]]
  name = "github.com/urfave/cli"
  packages = ["."]
  revision = "cfb38830724cc34fedffe9a2a29fb54fa9169cd1"
  version = "v1.20.0"

[[projects]]
  branch = "master"
  name = "golang.org/x/crypto"
  packages = [
    "ocsp",
    "ssh/terminal"
  ]
  revision = "bd6f299fb381e4c3393d1c4b1f0b94f5e77650c8"

[[projects]]
  branch = "master"
  name = "golang.org/x/net"
  packages = [
    "context",
    "context/ctxhttp",
    "idna",
    "publicsuffix"
  ]
  revision = "01c190206fbdffa42f334f4b2bf2220f50e64920"

[[projects]]
  branch = "master"
  name = "golang.org/x/oauth2"
  packages = [
    ".",
    "google",
    "internal",
    "jws",
    "jwt"
  ]
  revision = "bb50c06baba3d0c76f9d125c0719093e315b5b44"

[[projects]]
  branch = "master"
  name = "golang.org/x/sys"
  packages = [
    "unix",
    "windows"
  ]
  revision = "95c6576299259db960f6c5b9b69ea52422860fce"

[[projects]]
  branch = "master"
  name = "golang.org/x/text"
  packages = [
    "collate",
    "collate/build",
    "internal/colltab",
    "internal/gen",
    "internal/tag",
    "internal/triegen",
    "internal/ucd",
    "language",
    "secure/bidirule",
    "transform",
    "unicode/bidi",
    "unicode/cldr",
    "unicode/norm",
    "unicode/rangetable"
  ]
  revision = "88f656faf3f37f690df1a32515b479415e1a6769"

[[projects]]
  branch = "master"
  name = "google.golang.org/api"
  packages = [
    "dns/v1",
    "gensupport",
    "googleapi",
    "googleapi/internal/uritemplates"
  ]
  revision = "8c7cbce8616dff98a4442737eaa00096f04d7905"

[[projects]]
  name = "google.golang.org/appengine"
  packages = [
    ".",
    "internal",
    "internal/app_identity",
    "internal/base",
    "internal/datastore",
    "internal/log",
    "internal/modules",
    "internal/remote_api",
    "internal/urlfetch",
    "urlfetch"
  ]
  revision = "150dc57a1b433e64154302bdc40b6bb8aefa313a"
  version = "v1.0.0"

[[projects]]
  name = "gopkg.in/ini.v1"
  packages = ["."]
  revision = "f280b3ba517bf5fc98922624f21fb0e7a92adaec"
  version = "v1.30.3"

[[projects]]
  branch = "v1"
  name = "gopkg.in/mattes/go-expand-tilde.v1"
  packages = ["."]
  revision = "cb884138e64c9a8bf5c7d6106d74b0fca082df0c"

[[projects]]
  branch = "v2"
  name = "gopkg.in/ns1/ns1-go.v2"
  packages = [
    "rest",
    "rest/model/account",
    "rest/model/data",
    "rest/model/dns",
    "rest/model/filter",
    "rest/model/monitor"
  ]
  revision = "c563826f4cbef9c11bebeb9f20a3f7afe9c1e2f4"

[[projects]]
  name = "gopkg.in/square/go-jose.v1"
  packages = [
    ".",
    "cipher",
    "json"
  ]
  revision = "aa2e30fdd1fe9dd3394119af66451ae790d50e0d"
  version = "v1.1.0"

[solve-meta]
  analyzer-name = "dep"
  analyzer-version = 1
  inputs-digest = "ec5d89ae79d60cb122717f0552181fcf5efdce9e3ce2160601e1a4d7032a3692"
  solver-name = "gps-cdcl"
  solver-version = 1
